// !$*UTF8*$!
{
	archiveVersion = 1;
	classes = {
	};
	objectVersion = 55;
	objects = {

/* Begin PBXBuildFile section */
		8F5C604D275F687700AC61A8 /* AoC_2021_Day7.swift in Sources */ = {isa = PBXBuildFile; fileRef = 8F5C604C275F687700AC61A8 /* AoC_2021_Day7.swift */; };
		8F5C604F275F755000AC61A8 /* Lines.swift in Sources */ = {isa = PBXBuildFile; fileRef = 8F5C604E275F755000AC61A8 /* Lines.swift */; };
		8F5C60512760A7C200AC61A8 /* AoC_2021_Day8.swift in Sources */ = {isa = PBXBuildFile; fileRef = 8F5C60502760A7C200AC61A8 /* AoC_2021_Day8.swift */; };
		8F6313FE275D4FD1008346AA /* AoC_2021_Day4.swift in Sources */ = {isa = PBXBuildFile; fileRef = 8F6313FD275D4FD1008346AA /* AoC_2021_Day4.swift */; };
		8F631400275D8326008346AA /* AoC_2021_Day5.swift in Sources */ = {isa = PBXBuildFile; fileRef = 8F6313FF275D8326008346AA /* AoC_2021_Day5.swift */; };
		8F631402275D8B97008346AA /* AoC_2021_Day6.swift in Sources */ = {isa = PBXBuildFile; fileRef = 8F631401275D8B97008346AA /* AoC_2021_Day6.swift */; };
		8F9A09482757C9F300FFB165 /* Parsing in Frameworks */ = {isa = PBXBuildFile; productRef = 8F9A09472757C9F300FFB165 /* Parsing */; };
		8F9A0A252759092B00FFB165 /* AoC_2020_Day14.swift in Sources */ = {isa = PBXBuildFile; fileRef = 8F9A0A082759092B00FFB165 /* AoC_2020_Day14.swift */; };
		8F9A0A262759092B00FFB165 /* AoC_2020_Day16.swift in Sources */ = {isa = PBXBuildFile; fileRef = 8F9A0A092759092B00FFB165 /* AoC_2020_Day16.swift */; };
		8F9A0A272759092B00FFB165 /* AoC_2020_Day8.swift in Sources */ = {isa = PBXBuildFile; fileRef = 8F9A0A0A2759092B00FFB165 /* AoC_2020_Day8.swift */; };
		8F9A0A282759092B00FFB165 /* AoC_2020_Day12.swift in Sources */ = {isa = PBXBuildFile; fileRef = 8F9A0A0B2759092B00FFB165 /* AoC_2020_Day12.swift */; };
		8F9A0A292759092B00FFB165 /* AoC_2020_Day10.swift in Sources */ = {isa = PBXBuildFile; fileRef = 8F9A0A0C2759092B00FFB165 /* AoC_2020_Day10.swift */; };
		8F9A0A2A2759092B00FFB165 /* AoC_2020_Day17.swift in Sources */ = {isa = PBXBuildFile; fileRef = 8F9A0A0D2759092B00FFB165 /* AoC_2020_Day17.swift */; };
		8F9A0A2B2759092B00FFB165 /* AoC_2020_Day15.swift in Sources */ = {isa = PBXBuildFile; fileRef = 8F9A0A0E2759092B00FFB165 /* AoC_2020_Day15.swift */; };
		8F9A0A2C2759092B00FFB165 /* AoC_2020_Day11.swift in Sources */ = {isa = PBXBuildFile; fileRef = 8F9A0A0F2759092B00FFB165 /* AoC_2020_Day11.swift */; };
		8F9A0A2D2759092B00FFB165 /* AoC_2020_Day9.swift in Sources */ = {isa = PBXBuildFile; fileRef = 8F9A0A102759092B00FFB165 /* AoC_2020_Day9.swift */; };
		8F9A0A2E2759092B00FFB165 /* AoC_2020_Day13.swift in Sources */ = {isa = PBXBuildFile; fileRef = 8F9A0A112759092B00FFB165 /* AoC_2020_Day13.swift */; };
		8F9A0A2F2759092B00FFB165 /* AoC_2020_Day22.swift in Sources */ = {isa = PBXBuildFile; fileRef = 8F9A0A122759092B00FFB165 /* AoC_2020_Day22.swift */; };
		8F9A0A302759092B00FFB165 /* AoC_2020_Day5.swift in Sources */ = {isa = PBXBuildFile; fileRef = 8F9A0A132759092B00FFB165 /* AoC_2020_Day5.swift */; };
		8F9A0A312759092B00FFB165 /* AoC_2020_Day7.swift in Sources */ = {isa = PBXBuildFile; fileRef = 8F9A0A142759092B00FFB165 /* AoC_2020_Day7.swift */; };
		8F9A0A322759092B00FFB165 /* AoC_2020_Day20.swift in Sources */ = {isa = PBXBuildFile; fileRef = 8F9A0A152759092B00FFB165 /* AoC_2020_Day20.swift */; };
		8F9A0A332759092B00FFB165 /* AoC_2020_Day19.swift in Sources */ = {isa = PBXBuildFile; fileRef = 8F9A0A162759092B00FFB165 /* AoC_2020_Day19.swift */; };
		8F9A0A342759092B00FFB165 /* AoC_2020_Day24.swift in Sources */ = {isa = PBXBuildFile; fileRef = 8F9A0A172759092B00FFB165 /* AoC_2020_Day24.swift */; };
		8F9A0A352759092B00FFB165 /* AoC_2020_Day3.swift in Sources */ = {isa = PBXBuildFile; fileRef = 8F9A0A182759092B00FFB165 /* AoC_2020_Day3.swift */; };
		8F9A0A362759092B00FFB165 /* AoC_2020_Day1.swift in Sources */ = {isa = PBXBuildFile; fileRef = 8F9A0A192759092B00FFB165 /* AoC_2020_Day1.swift */; };
		8F9A0A372759092B00FFB165 /* AoC_2020_Day6.swift in Sources */ = {isa = PBXBuildFile; fileRef = 8F9A0A1A2759092B00FFB165 /* AoC_2020_Day6.swift */; };
		8F9A0A382759092B00FFB165 /* AoC_2020_Day21.swift in Sources */ = {isa = PBXBuildFile; fileRef = 8F9A0A1B2759092B00FFB165 /* AoC_2020_Day21.swift */; };
		8F9A0A392759092B00FFB165 /* AoC_2020_Day23.swift in Sources */ = {isa = PBXBuildFile; fileRef = 8F9A0A1C2759092B00FFB165 /* AoC_2020_Day23.swift */; };
		8F9A0A3A2759092B00FFB165 /* AoC_2020_Day4.swift in Sources */ = {isa = PBXBuildFile; fileRef = 8F9A0A1D2759092B00FFB165 /* AoC_2020_Day4.swift */; };
		8F9A0A3B2759092B00FFB165 /* AoC_2020_Day25.swift in Sources */ = {isa = PBXBuildFile; fileRef = 8F9A0A1E2759092B00FFB165 /* AoC_2020_Day25.swift */; };
		8F9A0A3C2759092B00FFB165 /* AoC_2020_Day18.swift in Sources */ = {isa = PBXBuildFile; fileRef = 8F9A0A1F2759092B00FFB165 /* AoC_2020_Day18.swift */; };
		8F9A0A3D2759092B00FFB165 /* AoC_2020_Day2.swift in Sources */ = {isa = PBXBuildFile; fileRef = 8F9A0A202759092B00FFB165 /* AoC_2020_Day2.swift */; };
		8F9A0A3E2759092B00FFB165 /* AoC_2021_Day3.swift in Sources */ = {isa = PBXBuildFile; fileRef = 8F9A0A222759092B00FFB165 /* AoC_2021_Day3.swift */; };
		8F9A0A3F2759092B00FFB165 /* AoC_2021_Day1.swift in Sources */ = {isa = PBXBuildFile; fileRef = 8F9A0A232759092B00FFB165 /* AoC_2021_Day1.swift */; };
		8F9A0A402759092B00FFB165 /* AoC_2021_Day2.swift in Sources */ = {isa = PBXBuildFile; fileRef = 8F9A0A242759092B00FFB165 /* AoC_2021_Day2.swift */; };
		8F9A0A7E275909A100FFB165 /* 2020_day3.txt in Resources */ = {isa = PBXBuildFile; fileRef = 8F9A0A42275909A100FFB165 /* 2020_day3.txt */; };
		8F9A0A7F275909A100FFB165 /* 2020_day2.txt in Resources */ = {isa = PBXBuildFile; fileRef = 8F9A0A43275909A100FFB165 /* 2020_day2.txt */; };
		8F9A0A80275909A100FFB165 /* 2020_day1.txt in Resources */ = {isa = PBXBuildFile; fileRef = 8F9A0A44275909A100FFB165 /* 2020_day1.txt */; };
		8F9A0A81275909A100FFB165 /* 2020_day5.txt in Resources */ = {isa = PBXBuildFile; fileRef = 8F9A0A45275909A100FFB165 /* 2020_day5.txt */; };
		8F9A0A82275909A100FFB165 /* 2020Tests.swift in Sources */ = {isa = PBXBuildFile; fileRef = 8F9A0A46275909A100FFB165 /* 2020Tests.swift */; };
		8F9A0A83275909A100FFB165 /* 2020_day4.txt in Resources */ = {isa = PBXBuildFile; fileRef = 8F9A0A47275909A100FFB165 /* 2020_day4.txt */; };
		8F9A0A84275909A100FFB165 /* 2020_day6.txt in Resources */ = {isa = PBXBuildFile; fileRef = 8F9A0A48275909A100FFB165 /* 2020_day6.txt */; };
		8F9A0A85275909A100FFB165 /* 2020_day7.txt in Resources */ = {isa = PBXBuildFile; fileRef = 8F9A0A49275909A100FFB165 /* 2020_day7.txt */; };
		8F9A0A86275909A100FFB165 /* 2020_day16.txt in Resources */ = {isa = PBXBuildFile; fileRef = 8F9A0A4A275909A100FFB165 /* 2020_day16.txt */; };
		8F9A0A87275909A100FFB165 /* 2020_day17.txt in Resources */ = {isa = PBXBuildFile; fileRef = 8F9A0A4B275909A100FFB165 /* 2020_day17.txt */; };
		8F9A0A88275909A100FFB165 /* 2020_day15.txt in Resources */ = {isa = PBXBuildFile; fileRef = 8F9A0A4C275909A100FFB165 /* 2020_day15.txt */; };
		8F9A0A89275909A100FFB165 /* 2020_day14.txt in Resources */ = {isa = PBXBuildFile; fileRef = 8F9A0A4D275909A100FFB165 /* 2020_day14.txt */; };
		8F9A0A8A275909A100FFB165 /* 2020_day10.txt in Resources */ = {isa = PBXBuildFile; fileRef = 8F9A0A4E275909A100FFB165 /* 2020_day10.txt */; };
		8F9A0A8B275909A100FFB165 /* 2020_day11.txt in Resources */ = {isa = PBXBuildFile; fileRef = 8F9A0A4F275909A100FFB165 /* 2020_day11.txt */; };
		8F9A0A8C275909A100FFB165 /* 2020_day13.txt in Resources */ = {isa = PBXBuildFile; fileRef = 8F9A0A50275909A100FFB165 /* 2020_day13.txt */; };
		8F9A0A8D275909A200FFB165 /* 2020_day12.txt in Resources */ = {isa = PBXBuildFile; fileRef = 8F9A0A51275909A100FFB165 /* 2020_day12.txt */; };
		8F9A0A8E275909A200FFB165 /* 2020_day23.txt in Resources */ = {isa = PBXBuildFile; fileRef = 8F9A0A52275909A100FFB165 /* 2020_day23.txt */; };
		8F9A0A8F275909A200FFB165 /* 2020_day22.txt in Resources */ = {isa = PBXBuildFile; fileRef = 8F9A0A53275909A100FFB165 /* 2020_day22.txt */; };
		8F9A0A90275909A200FFB165 /* 2020_day20.txt in Resources */ = {isa = PBXBuildFile; fileRef = 8F9A0A54275909A100FFB165 /* 2020_day20.txt */; };
		8F9A0A91275909A200FFB165 /* 2020_day21.txt in Resources */ = {isa = PBXBuildFile; fileRef = 8F9A0A55275909A100FFB165 /* 2020_day21.txt */; };
		8F9A0A92275909A200FFB165 /* 2020_day25.txt in Resources */ = {isa = PBXBuildFile; fileRef = 8F9A0A56275909A100FFB165 /* 2020_day25.txt */; };
		8F9A0A93275909A200FFB165 /* 2020_day19.txt in Resources */ = {isa = PBXBuildFile; fileRef = 8F9A0A57275909A100FFB165 /* 2020_day19.txt */; };
		8F9A0A94275909A200FFB165 /* 2020_day18.txt in Resources */ = {isa = PBXBuildFile; fileRef = 8F9A0A58275909A100FFB165 /* 2020_day18.txt */; };
		8F9A0A95275909A200FFB165 /* 2020_day24.txt in Resources */ = {isa = PBXBuildFile; fileRef = 8F9A0A59275909A100FFB165 /* 2020_day24.txt */; };
		8F9A0A96275909A200FFB165 /* 2020_day9.txt in Resources */ = {isa = PBXBuildFile; fileRef = 8F9A0A5A275909A100FFB165 /* 2020_day9.txt */; };
		8F9A0A97275909A200FFB165 /* 2020_day8.txt in Resources */ = {isa = PBXBuildFile; fileRef = 8F9A0A5B275909A100FFB165 /* 2020_day8.txt */; };
		8F9A0A98275909A200FFB165 /* 2021_day3.txt in Resources */ = {isa = PBXBuildFile; fileRef = 8F9A0A5D275909A100FFB165 /* 2021_day3.txt */; };
		8F9A0A99275909A200FFB165 /* 2021_day16.txt in Resources */ = {isa = PBXBuildFile; fileRef = 8F9A0A5E275909A100FFB165 /* 2021_day16.txt */; };
		8F9A0A9A275909A200FFB165 /* 2021_day17.txt in Resources */ = {isa = PBXBuildFile; fileRef = 8F9A0A5F275909A100FFB165 /* 2021_day17.txt */; };
		8F9A0A9B275909A200FFB165 /* 2021_day2.txt in Resources */ = {isa = PBXBuildFile; fileRef = 8F9A0A60275909A100FFB165 /* 2021_day2.txt */; };
		8F9A0A9D275909A200FFB165 /* 2021_day15.txt in Resources */ = {isa = PBXBuildFile; fileRef = 8F9A0A62275909A100FFB165 /* 2021_day15.txt */; };
		8F9A0A9E275909A200FFB165 /* 2021_day14.txt in Resources */ = {isa = PBXBuildFile; fileRef = 8F9A0A63275909A100FFB165 /* 2021_day14.txt */; };
		8F9A0A9F275909A200FFB165 /* 2021_day1.txt in Resources */ = {isa = PBXBuildFile; fileRef = 8F9A0A64275909A100FFB165 /* 2021_day1.txt */; };
		8F9A0AA0275909A200FFB165 /* 2021_day5.txt in Resources */ = {isa = PBXBuildFile; fileRef = 8F9A0A65275909A100FFB165 /* 2021_day5.txt */; };
		8F9A0AA1275909A200FFB165 /* 2021_day10.txt in Resources */ = {isa = PBXBuildFile; fileRef = 8F9A0A66275909A100FFB165 /* 2021_day10.txt */; };
		8F9A0AA2275909A200FFB165 /* 2021_day11.txt in Resources */ = {isa = PBXBuildFile; fileRef = 8F9A0A67275909A100FFB165 /* 2021_day11.txt */; };
		8F9A0AA3275909A200FFB165 /* 2021_day4.txt in Resources */ = {isa = PBXBuildFile; fileRef = 8F9A0A68275909A100FFB165 /* 2021_day4.txt */; };
		8F9A0AA4275909A200FFB165 /* 2021_day6.txt in Resources */ = {isa = PBXBuildFile; fileRef = 8F9A0A69275909A100FFB165 /* 2021_day6.txt */; };
		8F9A0AA5275909A200FFB165 /* 2021_day13.txt in Resources */ = {isa = PBXBuildFile; fileRef = 8F9A0A6A275909A100FFB165 /* 2021_day13.txt */; };
		8F9A0AA6275909A200FFB165 /* 2021_day12.txt in Resources */ = {isa = PBXBuildFile; fileRef = 8F9A0A6B275909A100FFB165 /* 2021_day12.txt */; };
		8F9A0AA7275909A200FFB165 /* 2021_day7.txt in Resources */ = {isa = PBXBuildFile; fileRef = 8F9A0A6C275909A100FFB165 /* 2021_day7.txt */; };
		8F9A0AA9275909A200FFB165 /* 2021Tests.swift in Sources */ = {isa = PBXBuildFile; fileRef = 8F9A0A6E275909A100FFB165 /* 2021Tests.swift */; };
		8F9A0AAC275909A200FFB165 /* 2021_day23.txt in Resources */ = {isa = PBXBuildFile; fileRef = 8F9A0A71275909A100FFB165 /* 2021_day23.txt */; };
		8F9A0AAD275909A200FFB165 /* 2021_day22.txt in Resources */ = {isa = PBXBuildFile; fileRef = 8F9A0A72275909A100FFB165 /* 2021_day22.txt */; };
		8F9A0AAE275909A200FFB165 /* Resources.swift in Sources */ = {isa = PBXBuildFile; fileRef = 8F9A0A73275909A100FFB165 /* Resources.swift */; };
		8F9A0AAF275909A200FFB165 /* 2021_day9.txt in Resources */ = {isa = PBXBuildFile; fileRef = 8F9A0A74275909A100FFB165 /* 2021_day9.txt */; };
		8F9A0AB1275909A200FFB165 /* 2021_day20.txt in Resources */ = {isa = PBXBuildFile; fileRef = 8F9A0A76275909A100FFB165 /* 2021_day20.txt */; };
		8F9A0AB2275909A200FFB165 /* 2021_day21.txt in Resources */ = {isa = PBXBuildFile; fileRef = 8F9A0A77275909A100FFB165 /* 2021_day21.txt */; };
		8F9A0AB4275909A200FFB165 /* 2021_day8.txt in Resources */ = {isa = PBXBuildFile; fileRef = 8F9A0A79275909A100FFB165 /* 2021_day8.txt */; };
		8F9A0AB5275909A200FFB165 /* 2021_day19.txt in Resources */ = {isa = PBXBuildFile; fileRef = 8F9A0A7A275909A100FFB165 /* 2021_day19.txt */; };
		8F9A0AB6275909A200FFB165 /* 2021_day25.txt in Resources */ = {isa = PBXBuildFile; fileRef = 8F9A0A7B275909A100FFB165 /* 2021_day25.txt */; };
		8F9A0AB7275909A200FFB165 /* 2021_day24.txt in Resources */ = {isa = PBXBuildFile; fileRef = 8F9A0A7C275909A100FFB165 /* 2021_day24.txt */; };
		8F9A0AB8275909A200FFB165 /* 2021_day18.txt in Resources */ = {isa = PBXBuildFile; fileRef = 8F9A0A7D275909A100FFB165 /* 2021_day18.txt */; };
		8FF2090C2757723700416651 /* AdventOfCodeApp.swift in Sources */ = {isa = PBXBuildFile; fileRef = 8FF2090B2757723700416651 /* AdventOfCodeApp.swift */; };
		8FF2090E2757723700416651 /* ContentView.swift in Sources */ = {isa = PBXBuildFile; fileRef = 8FF2090D2757723700416651 /* ContentView.swift */; };
		8FF209102757723C00416651 /* Assets.xcassets in Resources */ = {isa = PBXBuildFile; fileRef = 8FF2090F2757723C00416651 /* Assets.xcassets */; };
		8FF209132757723C00416651 /* Preview Assets.xcassets in Resources */ = {isa = PBXBuildFile; fileRef = 8FF209122757723C00416651 /* Preview Assets.xcassets */; };
		8FF2093E275777B100416651 /* Algorithms in Frameworks */ = {isa = PBXBuildFile; productRef = 8FF2093D275777B100416651 /* Algorithms */; };
		8FF20941275777C500416651 /* Collections in Frameworks */ = {isa = PBXBuildFile; productRef = 8FF20940275777C500416651 /* Collections */; };
		8FF20943275777C500416651 /* DequeModule in Frameworks */ = {isa = PBXBuildFile; productRef = 8FF20942275777C500416651 /* DequeModule */; };
		8FF20945275777C500416651 /* OrderedCollections in Frameworks */ = {isa = PBXBuildFile; productRef = 8FF20944275777C500416651 /* OrderedCollections */; };
		8FF20948275777E000416651 /* Numerics in Frameworks */ = {isa = PBXBuildFile; productRef = 8FF20947275777E000416651 /* Numerics */; };
		8FF2094A275777E100416651 /* RealModule in Frameworks */ = {isa = PBXBuildFile; productRef = 8FF20949275777E000416651 /* RealModule */; };
/* End PBXBuildFile section */

/* Begin PBXContainerItemProxy section */
		8FF209192757723D00416651 /* PBXContainerItemProxy */ = {
			isa = PBXContainerItemProxy;
			containerPortal = 8FF209002757723700416651 /* Project object */;
			proxyType = 1;
			remoteGlobalIDString = 8FF209072757723700416651;
			remoteInfo = AdventOfCode;
		};
/* End PBXContainerItemProxy section */

/* Begin PBXFileReference section */
		8F5C604C275F687700AC61A8 /* AoC_2021_Day7.swift */ = {isa = PBXFileReference; lastKnownFileType = sourcecode.swift; path = AoC_2021_Day7.swift; sourceTree = "<group>"; };
		8F5C604E275F755000AC61A8 /* Lines.swift */ = {isa = PBXFileReference; lastKnownFileType = sourcecode.swift; path = Lines.swift; sourceTree = "<group>"; };
		8F5C60502760A7C200AC61A8 /* AoC_2021_Day8.swift */ = {isa = PBXFileReference; lastKnownFileType = sourcecode.swift; path = AoC_2021_Day8.swift; sourceTree = "<group>"; };
		8F6313FD275D4FD1008346AA /* AoC_2021_Day4.swift */ = {isa = PBXFileReference; lastKnownFileType = sourcecode.swift; path = AoC_2021_Day4.swift; sourceTree = "<group>"; };
		8F6313FF275D8326008346AA /* AoC_2021_Day5.swift */ = {isa = PBXFileReference; lastKnownFileType = sourcecode.swift; path = AoC_2021_Day5.swift; sourceTree = "<group>"; };
		8F631401275D8B97008346AA /* AoC_2021_Day6.swift */ = {isa = PBXFileReference; lastKnownFileType = sourcecode.swift; path = AoC_2021_Day6.swift; sourceTree = "<group>"; };
		8F9A0A082759092B00FFB165 /* AoC_2020_Day14.swift */ = {isa = PBXFileReference; fileEncoding = 4; lastKnownFileType = sourcecode.swift; path = AoC_2020_Day14.swift; sourceTree = "<group>"; };
		8F9A0A092759092B00FFB165 /* AoC_2020_Day16.swift */ = {isa = PBXFileReference; fileEncoding = 4; lastKnownFileType = sourcecode.swift; path = AoC_2020_Day16.swift; sourceTree = "<group>"; };
		8F9A0A0A2759092B00FFB165 /* AoC_2020_Day8.swift */ = {isa = PBXFileReference; fileEncoding = 4; lastKnownFileType = sourcecode.swift; path = AoC_2020_Day8.swift; sourceTree = "<group>"; };
		8F9A0A0B2759092B00FFB165 /* AoC_2020_Day12.swift */ = {isa = PBXFileReference; fileEncoding = 4; lastKnownFileType = sourcecode.swift; path = AoC_2020_Day12.swift; sourceTree = "<group>"; };
		8F9A0A0C2759092B00FFB165 /* AoC_2020_Day10.swift */ = {isa = PBXFileReference; fileEncoding = 4; lastKnownFileType = sourcecode.swift; path = AoC_2020_Day10.swift; sourceTree = "<group>"; };
		8F9A0A0D2759092B00FFB165 /* AoC_2020_Day17.swift */ = {isa = PBXFileReference; fileEncoding = 4; lastKnownFileType = sourcecode.swift; path = AoC_2020_Day17.swift; sourceTree = "<group>"; };
		8F9A0A0E2759092B00FFB165 /* AoC_2020_Day15.swift */ = {isa = PBXFileReference; fileEncoding = 4; lastKnownFileType = sourcecode.swift; path = AoC_2020_Day15.swift; sourceTree = "<group>"; };
		8F9A0A0F2759092B00FFB165 /* AoC_2020_Day11.swift */ = {isa = PBXFileReference; fileEncoding = 4; lastKnownFileType = sourcecode.swift; path = AoC_2020_Day11.swift; sourceTree = "<group>"; };
		8F9A0A102759092B00FFB165 /* AoC_2020_Day9.swift */ = {isa = PBXFileReference; fileEncoding = 4; lastKnownFileType = sourcecode.swift; path = AoC_2020_Day9.swift; sourceTree = "<group>"; };
		8F9A0A112759092B00FFB165 /* AoC_2020_Day13.swift */ = {isa = PBXFileReference; fileEncoding = 4; lastKnownFileType = sourcecode.swift; path = AoC_2020_Day13.swift; sourceTree = "<group>"; };
		8F9A0A122759092B00FFB165 /* AoC_2020_Day22.swift */ = {isa = PBXFileReference; fileEncoding = 4; lastKnownFileType = sourcecode.swift; path = AoC_2020_Day22.swift; sourceTree = "<group>"; };
		8F9A0A132759092B00FFB165 /* AoC_2020_Day5.swift */ = {isa = PBXFileReference; fileEncoding = 4; lastKnownFileType = sourcecode.swift; path = AoC_2020_Day5.swift; sourceTree = "<group>"; };
		8F9A0A142759092B00FFB165 /* AoC_2020_Day7.swift */ = {isa = PBXFileReference; fileEncoding = 4; lastKnownFileType = sourcecode.swift; path = AoC_2020_Day7.swift; sourceTree = "<group>"; };
		8F9A0A152759092B00FFB165 /* AoC_2020_Day20.swift */ = {isa = PBXFileReference; fileEncoding = 4; lastKnownFileType = sourcecode.swift; path = AoC_2020_Day20.swift; sourceTree = "<group>"; };
		8F9A0A162759092B00FFB165 /* AoC_2020_Day19.swift */ = {isa = PBXFileReference; fileEncoding = 4; lastKnownFileType = sourcecode.swift; path = AoC_2020_Day19.swift; sourceTree = "<group>"; };
		8F9A0A172759092B00FFB165 /* AoC_2020_Day24.swift */ = {isa = PBXFileReference; fileEncoding = 4; lastKnownFileType = sourcecode.swift; path = AoC_2020_Day24.swift; sourceTree = "<group>"; };
		8F9A0A182759092B00FFB165 /* AoC_2020_Day3.swift */ = {isa = PBXFileReference; fileEncoding = 4; lastKnownFileType = sourcecode.swift; path = AoC_2020_Day3.swift; sourceTree = "<group>"; };
		8F9A0A192759092B00FFB165 /* AoC_2020_Day1.swift */ = {isa = PBXFileReference; fileEncoding = 4; lastKnownFileType = sourcecode.swift; path = AoC_2020_Day1.swift; sourceTree = "<group>"; };
		8F9A0A1A2759092B00FFB165 /* AoC_2020_Day6.swift */ = {isa = PBXFileReference; fileEncoding = 4; lastKnownFileType = sourcecode.swift; path = AoC_2020_Day6.swift; sourceTree = "<group>"; };
		8F9A0A1B2759092B00FFB165 /* AoC_2020_Day21.swift */ = {isa = PBXFileReference; fileEncoding = 4; lastKnownFileType = sourcecode.swift; path = AoC_2020_Day21.swift; sourceTree = "<group>"; };
		8F9A0A1C2759092B00FFB165 /* AoC_2020_Day23.swift */ = {isa = PBXFileReference; fileEncoding = 4; lastKnownFileType = sourcecode.swift; path = AoC_2020_Day23.swift; sourceTree = "<group>"; };
		8F9A0A1D2759092B00FFB165 /* AoC_2020_Day4.swift */ = {isa = PBXFileReference; fileEncoding = 4; lastKnownFileType = sourcecode.swift; path = AoC_2020_Day4.swift; sourceTree = "<group>"; };
		8F9A0A1E2759092B00FFB165 /* AoC_2020_Day25.swift */ = {isa = PBXFileReference; fileEncoding = 4; lastKnownFileType = sourcecode.swift; path = AoC_2020_Day25.swift; sourceTree = "<group>"; };
		8F9A0A1F2759092B00FFB165 /* AoC_2020_Day18.swift */ = {isa = PBXFileReference; fileEncoding = 4; lastKnownFileType = sourcecode.swift; path = AoC_2020_Day18.swift; sourceTree = "<group>"; };
		8F9A0A202759092B00FFB165 /* AoC_2020_Day2.swift */ = {isa = PBXFileReference; fileEncoding = 4; lastKnownFileType = sourcecode.swift; path = AoC_2020_Day2.swift; sourceTree = "<group>"; };
		8F9A0A222759092B00FFB165 /* AoC_2021_Day3.swift */ = {isa = PBXFileReference; fileEncoding = 4; lastKnownFileType = sourcecode.swift; path = AoC_2021_Day3.swift; sourceTree = "<group>"; };
		8F9A0A232759092B00FFB165 /* AoC_2021_Day1.swift */ = {isa = PBXFileReference; fileEncoding = 4; lastKnownFileType = sourcecode.swift; path = AoC_2021_Day1.swift; sourceTree = "<group>"; };
		8F9A0A242759092B00FFB165 /* AoC_2021_Day2.swift */ = {isa = PBXFileReference; fileEncoding = 4; lastKnownFileType = sourcecode.swift; path = AoC_2021_Day2.swift; sourceTree = "<group>"; };
		8F9A0A42275909A100FFB165 /* 2020_day3.txt */ = {isa = PBXFileReference; fileEncoding = 4; lastKnownFileType = text; path = 2020_day3.txt; sourceTree = "<group>"; };
		8F9A0A43275909A100FFB165 /* 2020_day2.txt */ = {isa = PBXFileReference; fileEncoding = 4; lastKnownFileType = text; path = 2020_day2.txt; sourceTree = "<group>"; };
		8F9A0A44275909A100FFB165 /* 2020_day1.txt */ = {isa = PBXFileReference; fileEncoding = 4; lastKnownFileType = text; path = 2020_day1.txt; sourceTree = "<group>"; };
		8F9A0A45275909A100FFB165 /* 2020_day5.txt */ = {isa = PBXFileReference; fileEncoding = 4; lastKnownFileType = text; path = 2020_day5.txt; sourceTree = "<group>"; };
		8F9A0A46275909A100FFB165 /* 2020Tests.swift */ = {isa = PBXFileReference; fileEncoding = 4; lastKnownFileType = sourcecode.swift; path = 2020Tests.swift; sourceTree = "<group>"; };
		8F9A0A47275909A100FFB165 /* 2020_day4.txt */ = {isa = PBXFileReference; fileEncoding = 4; lastKnownFileType = text; path = 2020_day4.txt; sourceTree = "<group>"; };
		8F9A0A48275909A100FFB165 /* 2020_day6.txt */ = {isa = PBXFileReference; fileEncoding = 4; lastKnownFileType = text; path = 2020_day6.txt; sourceTree = "<group>"; };
		8F9A0A49275909A100FFB165 /* 2020_day7.txt */ = {isa = PBXFileReference; fileEncoding = 4; lastKnownFileType = text; path = 2020_day7.txt; sourceTree = "<group>"; };
		8F9A0A4A275909A100FFB165 /* 2020_day16.txt */ = {isa = PBXFileReference; fileEncoding = 4; lastKnownFileType = text; path = 2020_day16.txt; sourceTree = "<group>"; };
		8F9A0A4B275909A100FFB165 /* 2020_day17.txt */ = {isa = PBXFileReference; fileEncoding = 4; lastKnownFileType = text; path = 2020_day17.txt; sourceTree = "<group>"; };
		8F9A0A4C275909A100FFB165 /* 2020_day15.txt */ = {isa = PBXFileReference; fileEncoding = 4; lastKnownFileType = text; path = 2020_day15.txt; sourceTree = "<group>"; };
		8F9A0A4D275909A100FFB165 /* 2020_day14.txt */ = {isa = PBXFileReference; fileEncoding = 4; lastKnownFileType = text; path = 2020_day14.txt; sourceTree = "<group>"; };
		8F9A0A4E275909A100FFB165 /* 2020_day10.txt */ = {isa = PBXFileReference; fileEncoding = 4; lastKnownFileType = text; path = 2020_day10.txt; sourceTree = "<group>"; };
		8F9A0A4F275909A100FFB165 /* 2020_day11.txt */ = {isa = PBXFileReference; fileEncoding = 4; lastKnownFileType = text; path = 2020_day11.txt; sourceTree = "<group>"; };
		8F9A0A50275909A100FFB165 /* 2020_day13.txt */ = {isa = PBXFileReference; fileEncoding = 4; lastKnownFileType = text; path = 2020_day13.txt; sourceTree = "<group>"; };
		8F9A0A51275909A100FFB165 /* 2020_day12.txt */ = {isa = PBXFileReference; fileEncoding = 4; lastKnownFileType = text; path = 2020_day12.txt; sourceTree = "<group>"; };
		8F9A0A52275909A100FFB165 /* 2020_day23.txt */ = {isa = PBXFileReference; fileEncoding = 4; lastKnownFileType = text; path = 2020_day23.txt; sourceTree = "<group>"; };
		8F9A0A53275909A100FFB165 /* 2020_day22.txt */ = {isa = PBXFileReference; fileEncoding = 4; lastKnownFileType = text; path = 2020_day22.txt; sourceTree = "<group>"; };
		8F9A0A54275909A100FFB165 /* 2020_day20.txt */ = {isa = PBXFileReference; fileEncoding = 4; lastKnownFileType = text; path = 2020_day20.txt; sourceTree = "<group>"; };
		8F9A0A55275909A100FFB165 /* 2020_day21.txt */ = {isa = PBXFileReference; fileEncoding = 4; lastKnownFileType = text; path = 2020_day21.txt; sourceTree = "<group>"; };
		8F9A0A56275909A100FFB165 /* 2020_day25.txt */ = {isa = PBXFileReference; fileEncoding = 4; lastKnownFileType = text; path = 2020_day25.txt; sourceTree = "<group>"; };
		8F9A0A57275909A100FFB165 /* 2020_day19.txt */ = {isa = PBXFileReference; fileEncoding = 4; lastKnownFileType = text; path = 2020_day19.txt; sourceTree = "<group>"; };
		8F9A0A58275909A100FFB165 /* 2020_day18.txt */ = {isa = PBXFileReference; fileEncoding = 4; lastKnownFileType = text; path = 2020_day18.txt; sourceTree = "<group>"; };
		8F9A0A59275909A100FFB165 /* 2020_day24.txt */ = {isa = PBXFileReference; fileEncoding = 4; lastKnownFileType = text; path = 2020_day24.txt; sourceTree = "<group>"; };
		8F9A0A5A275909A100FFB165 /* 2020_day9.txt */ = {isa = PBXFileReference; fileEncoding = 4; lastKnownFileType = text; path = 2020_day9.txt; sourceTree = "<group>"; };
		8F9A0A5B275909A100FFB165 /* 2020_day8.txt */ = {isa = PBXFileReference; fileEncoding = 4; lastKnownFileType = text; path = 2020_day8.txt; sourceTree = "<group>"; };
		8F9A0A5D275909A100FFB165 /* 2021_day3.txt */ = {isa = PBXFileReference; fileEncoding = 4; lastKnownFileType = text; path = 2021_day3.txt; sourceTree = "<group>"; };
		8F9A0A5E275909A100FFB165 /* 2021_day16.txt */ = {isa = PBXFileReference; fileEncoding = 4; lastKnownFileType = text; path = 2021_day16.txt; sourceTree = "<group>"; };
		8F9A0A5F275909A100FFB165 /* 2021_day17.txt */ = {isa = PBXFileReference; fileEncoding = 4; lastKnownFileType = text; path = 2021_day17.txt; sourceTree = "<group>"; };
		8F9A0A60275909A100FFB165 /* 2021_day2.txt */ = {isa = PBXFileReference; fileEncoding = 4; lastKnownFileType = text; path = 2021_day2.txt; sourceTree = "<group>"; };
		8F9A0A62275909A100FFB165 /* 2021_day15.txt */ = {isa = PBXFileReference; fileEncoding = 4; lastKnownFileType = text; path = 2021_day15.txt; sourceTree = "<group>"; };
		8F9A0A63275909A100FFB165 /* 2021_day14.txt */ = {isa = PBXFileReference; fileEncoding = 4; lastKnownFileType = text; path = 2021_day14.txt; sourceTree = "<group>"; };
		8F9A0A64275909A100FFB165 /* 2021_day1.txt */ = {isa = PBXFileReference; fileEncoding = 4; lastKnownFileType = text; path = 2021_day1.txt; sourceTree = "<group>"; };
		8F9A0A65275909A100FFB165 /* 2021_day5.txt */ = {isa = PBXFileReference; fileEncoding = 4; lastKnownFileType = text; path = 2021_day5.txt; sourceTree = "<group>"; };
		8F9A0A66275909A100FFB165 /* 2021_day10.txt */ = {isa = PBXFileReference; fileEncoding = 4; lastKnownFileType = text; path = 2021_day10.txt; sourceTree = "<group>"; };
		8F9A0A67275909A100FFB165 /* 2021_day11.txt */ = {isa = PBXFileReference; fileEncoding = 4; lastKnownFileType = text; path = 2021_day11.txt; sourceTree = "<group>"; };
		8F9A0A68275909A100FFB165 /* 2021_day4.txt */ = {isa = PBXFileReference; fileEncoding = 4; lastKnownFileType = text; path = 2021_day4.txt; sourceTree = "<group>"; };
		8F9A0A69275909A100FFB165 /* 2021_day6.txt */ = {isa = PBXFileReference; fileEncoding = 4; lastKnownFileType = text; path = 2021_day6.txt; sourceTree = "<group>"; };
		8F9A0A6A275909A100FFB165 /* 2021_day13.txt */ = {isa = PBXFileReference; fileEncoding = 4; lastKnownFileType = text; path = 2021_day13.txt; sourceTree = "<group>"; };
		8F9A0A6B275909A100FFB165 /* 2021_day12.txt */ = {isa = PBXFileReference; fileEncoding = 4; lastKnownFileType = text; path = 2021_day12.txt; sourceTree = "<group>"; };
		8F9A0A6C275909A100FFB165 /* 2021_day7.txt */ = {isa = PBXFileReference; fileEncoding = 4; lastKnownFileType = text; path = 2021_day7.txt; sourceTree = "<group>"; };
		8F9A0A6E275909A100FFB165 /* 2021Tests.swift */ = {isa = PBXFileReference; fileEncoding = 4; lastKnownFileType = sourcecode.swift; path = 2021Tests.swift; sourceTree = "<group>"; };
		8F9A0A71275909A100FFB165 /* 2021_day23.txt */ = {isa = PBXFileReference; fileEncoding = 4; lastKnownFileType = text; path = 2021_day23.txt; sourceTree = "<group>"; };
		8F9A0A72275909A100FFB165 /* 2021_day22.txt */ = {isa = PBXFileReference; fileEncoding = 4; lastKnownFileType = text; path = 2021_day22.txt; sourceTree = "<group>"; };
		8F9A0A73275909A100FFB165 /* Resources.swift */ = {isa = PBXFileReference; fileEncoding = 4; lastKnownFileType = sourcecode.swift; path = Resources.swift; sourceTree = "<group>"; };
		8F9A0A74275909A100FFB165 /* 2021_day9.txt */ = {isa = PBXFileReference; fileEncoding = 4; lastKnownFileType = text; path = 2021_day9.txt; sourceTree = "<group>"; };
		8F9A0A76275909A100FFB165 /* 2021_day20.txt */ = {isa = PBXFileReference; fileEncoding = 4; lastKnownFileType = text; path = 2021_day20.txt; sourceTree = "<group>"; };
		8F9A0A77275909A100FFB165 /* 2021_day21.txt */ = {isa = PBXFileReference; fileEncoding = 4; lastKnownFileType = text; path = 2021_day21.txt; sourceTree = "<group>"; };
		8F9A0A79275909A100FFB165 /* 2021_day8.txt */ = {isa = PBXFileReference; fileEncoding = 4; lastKnownFileType = text; path = 2021_day8.txt; sourceTree = "<group>"; };
		8F9A0A7A275909A100FFB165 /* 2021_day19.txt */ = {isa = PBXFileReference; fileEncoding = 4; lastKnownFileType = text; path = 2021_day19.txt; sourceTree = "<group>"; };
		8F9A0A7B275909A100FFB165 /* 2021_day25.txt */ = {isa = PBXFileReference; fileEncoding = 4; lastKnownFileType = text; path = 2021_day25.txt; sourceTree = "<group>"; };
		8F9A0A7C275909A100FFB165 /* 2021_day24.txt */ = {isa = PBXFileReference; fileEncoding = 4; lastKnownFileType = text; path = 2021_day24.txt; sourceTree = "<group>"; };
		8F9A0A7D275909A100FFB165 /* 2021_day18.txt */ = {isa = PBXFileReference; fileEncoding = 4; lastKnownFileType = text; path = 2021_day18.txt; sourceTree = "<group>"; };
		8FF209082757723700416651 /* AdventOfCode.app */ = {isa = PBXFileReference; explicitFileType = wrapper.application; includeInIndex = 0; path = AdventOfCode.app; sourceTree = BUILT_PRODUCTS_DIR; };
		8FF2090B2757723700416651 /* AdventOfCodeApp.swift */ = {isa = PBXFileReference; lastKnownFileType = sourcecode.swift; path = AdventOfCodeApp.swift; sourceTree = "<group>"; };
		8FF2090D2757723700416651 /* ContentView.swift */ = {isa = PBXFileReference; lastKnownFileType = sourcecode.swift; path = ContentView.swift; sourceTree = "<group>"; };
		8FF2090F2757723C00416651 /* Assets.xcassets */ = {isa = PBXFileReference; lastKnownFileType = folder.assetcatalog; path = Assets.xcassets; sourceTree = "<group>"; };
		8FF209122757723C00416651 /* Preview Assets.xcassets */ = {isa = PBXFileReference; lastKnownFileType = folder.assetcatalog; path = "Preview Assets.xcassets"; sourceTree = "<group>"; };
		8FF209182757723D00416651 /* AdventOfCodeTests.xctest */ = {isa = PBXFileReference; explicitFileType = wrapper.cfbundle; includeInIndex = 0; path = AdventOfCodeTests.xctest; sourceTree = BUILT_PRODUCTS_DIR; };
/* End PBXFileReference section */

/* Begin PBXFrameworksBuildPhase section */
		8FF209052757723700416651 /* Frameworks */ = {
			isa = PBXFrameworksBuildPhase;
			buildActionMask = 2147483647;
			files = (
				8FF20941275777C500416651 /* Collections in Frameworks */,
				8FF2093E275777B100416651 /* Algorithms in Frameworks */,
				8F9A09482757C9F300FFB165 /* Parsing in Frameworks */,
				8FF2094A275777E100416651 /* RealModule in Frameworks */,
				8FF20945275777C500416651 /* OrderedCollections in Frameworks */,
				8FF20943275777C500416651 /* DequeModule in Frameworks */,
				8FF20948275777E000416651 /* Numerics in Frameworks */,
			);
			runOnlyForDeploymentPostprocessing = 0;
		};
		8FF209152757723D00416651 /* Frameworks */ = {
			isa = PBXFrameworksBuildPhase;
			buildActionMask = 2147483647;
			files = (
			);
			runOnlyForDeploymentPostprocessing = 0;
		};
/* End PBXFrameworksBuildPhase section */

/* Begin PBXGroup section */
		8F9A0A072759092B00FFB165 /* 2020 */ = {
			isa = PBXGroup;
			children = (
				8F9A0A192759092B00FFB165 /* AoC_2020_Day1.swift */,
				8F9A0A202759092B00FFB165 /* AoC_2020_Day2.swift */,
				8F9A0A182759092B00FFB165 /* AoC_2020_Day3.swift */,
				8F9A0A1D2759092B00FFB165 /* AoC_2020_Day4.swift */,
				8F9A0A132759092B00FFB165 /* AoC_2020_Day5.swift */,
				8F9A0A1A2759092B00FFB165 /* AoC_2020_Day6.swift */,
				8F9A0A142759092B00FFB165 /* AoC_2020_Day7.swift */,
				8F9A0A0A2759092B00FFB165 /* AoC_2020_Day8.swift */,
				8F9A0A102759092B00FFB165 /* AoC_2020_Day9.swift */,
				8F9A0A0C2759092B00FFB165 /* AoC_2020_Day10.swift */,
				8F9A0A0F2759092B00FFB165 /* AoC_2020_Day11.swift */,
				8F9A0A0B2759092B00FFB165 /* AoC_2020_Day12.swift */,
				8F9A0A112759092B00FFB165 /* AoC_2020_Day13.swift */,
				8F9A0A082759092B00FFB165 /* AoC_2020_Day14.swift */,
				8F9A0A0E2759092B00FFB165 /* AoC_2020_Day15.swift */,
				8F9A0A092759092B00FFB165 /* AoC_2020_Day16.swift */,
				8F9A0A0D2759092B00FFB165 /* AoC_2020_Day17.swift */,
				8F9A0A1F2759092B00FFB165 /* AoC_2020_Day18.swift */,
				8F9A0A162759092B00FFB165 /* AoC_2020_Day19.swift */,
				8F9A0A152759092B00FFB165 /* AoC_2020_Day20.swift */,
				8F9A0A1B2759092B00FFB165 /* AoC_2020_Day21.swift */,
				8F9A0A122759092B00FFB165 /* AoC_2020_Day22.swift */,
				8F9A0A1C2759092B00FFB165 /* AoC_2020_Day23.swift */,
				8F9A0A172759092B00FFB165 /* AoC_2020_Day24.swift */,
				8F9A0A1E2759092B00FFB165 /* AoC_2020_Day25.swift */,
			);
			path = 2020;
			sourceTree = "<group>";
		};
		8F9A0A212759092B00FFB165 /* 2021 */ = {
			isa = PBXGroup;
			children = (
				8F9A0A232759092B00FFB165 /* AoC_2021_Day1.swift */,
				8F9A0A242759092B00FFB165 /* AoC_2021_Day2.swift */,
				8F9A0A222759092B00FFB165 /* AoC_2021_Day3.swift */,
				8F6313FD275D4FD1008346AA /* AoC_2021_Day4.swift */,
				8F6313FF275D8326008346AA /* AoC_2021_Day5.swift */,
				8F631401275D8B97008346AA /* AoC_2021_Day6.swift */,
				8F5C604C275F687700AC61A8 /* AoC_2021_Day7.swift */,
				8F5C60502760A7C200AC61A8 /* AoC_2021_Day8.swift */,
			);
			path = 2021;
			sourceTree = "<group>";
		};
		8F9A0A41275909A100FFB165 /* 2020 */ = {
			isa = PBXGroup;
			children = (
				8F9A0A46275909A100FFB165 /* 2020Tests.swift */,
				8F9A0AB927590A0500FFB165 /* Resources */,
			);
			path = 2020;
			sourceTree = "<group>";
		};
		8F9A0A5C275909A100FFB165 /* 2021 */ = {
			isa = PBXGroup;
			children = (
				8F9A0A6E275909A100FFB165 /* 2021Tests.swift */,
				8F9A0ABA27590A1B00FFB165 /* Resources */,
			);
			path = 2021;
			sourceTree = "<group>";
		};
		8F9A0AB927590A0500FFB165 /* Resources */ = {
			isa = PBXGroup;
			children = (
				8F9A0A44275909A100FFB165 /* 2020_day1.txt */,
				8F9A0A43275909A100FFB165 /* 2020_day2.txt */,
				8F9A0A42275909A100FFB165 /* 2020_day3.txt */,
				8F9A0A47275909A100FFB165 /* 2020_day4.txt */,
				8F9A0A45275909A100FFB165 /* 2020_day5.txt */,
				8F9A0A48275909A100FFB165 /* 2020_day6.txt */,
				8F9A0A49275909A100FFB165 /* 2020_day7.txt */,
				8F9A0A5B275909A100FFB165 /* 2020_day8.txt */,
				8F9A0A5A275909A100FFB165 /* 2020_day9.txt */,
				8F9A0A4E275909A100FFB165 /* 2020_day10.txt */,
				8F9A0A4F275909A100FFB165 /* 2020_day11.txt */,
				8F9A0A51275909A100FFB165 /* 2020_day12.txt */,
				8F9A0A50275909A100FFB165 /* 2020_day13.txt */,
				8F9A0A4D275909A100FFB165 /* 2020_day14.txt */,
				8F9A0A4C275909A100FFB165 /* 2020_day15.txt */,
				8F9A0A4A275909A100FFB165 /* 2020_day16.txt */,
				8F9A0A4B275909A100FFB165 /* 2020_day17.txt */,
				8F9A0A58275909A100FFB165 /* 2020_day18.txt */,
				8F9A0A57275909A100FFB165 /* 2020_day19.txt */,
				8F9A0A54275909A100FFB165 /* 2020_day20.txt */,
				8F9A0A55275909A100FFB165 /* 2020_day21.txt */,
				8F9A0A53275909A100FFB165 /* 2020_day22.txt */,
				8F9A0A52275909A100FFB165 /* 2020_day23.txt */,
				8F9A0A59275909A100FFB165 /* 2020_day24.txt */,
				8F9A0A56275909A100FFB165 /* 2020_day25.txt */,
			);
			name = Resources;
			sourceTree = "<group>";
		};
		8F9A0ABA27590A1B00FFB165 /* Resources */ = {
			isa = PBXGroup;
			children = (
				8F9A0A64275909A100FFB165 /* 2021_day1.txt */,
				8F9A0A60275909A100FFB165 /* 2021_day2.txt */,
				8F9A0A5D275909A100FFB165 /* 2021_day3.txt */,
				8F9A0A68275909A100FFB165 /* 2021_day4.txt */,
				8F9A0A65275909A100FFB165 /* 2021_day5.txt */,
				8F9A0A69275909A100FFB165 /* 2021_day6.txt */,
				8F9A0A6C275909A100FFB165 /* 2021_day7.txt */,
				8F9A0A79275909A100FFB165 /* 2021_day8.txt */,
				8F9A0A74275909A100FFB165 /* 2021_day9.txt */,
				8F9A0A66275909A100FFB165 /* 2021_day10.txt */,
				8F9A0A67275909A100FFB165 /* 2021_day11.txt */,
				8F9A0A6B275909A100FFB165 /* 2021_day12.txt */,
				8F9A0A6A275909A100FFB165 /* 2021_day13.txt */,
				8F9A0A63275909A100FFB165 /* 2021_day14.txt */,
				8F9A0A62275909A100FFB165 /* 2021_day15.txt */,
				8F9A0A5E275909A100FFB165 /* 2021_day16.txt */,
				8F9A0A5F275909A100FFB165 /* 2021_day17.txt */,
				8F9A0A7D275909A100FFB165 /* 2021_day18.txt */,
				8F9A0A7A275909A100FFB165 /* 2021_day19.txt */,
				8F9A0A76275909A100FFB165 /* 2021_day20.txt */,
				8F9A0A77275909A100FFB165 /* 2021_day21.txt */,
				8F9A0A72275909A100FFB165 /* 2021_day22.txt */,
				8F9A0A71275909A100FFB165 /* 2021_day23.txt */,
				8F9A0A7C275909A100FFB165 /* 2021_day24.txt */,
				8F9A0A7B275909A100FFB165 /* 2021_day25.txt */,
			);
			path = Resources;
			sourceTree = "<group>";
		};
		8FF208FF2757723700416651 = {
			isa = PBXGroup;
			children = (
				8FF2090A2757723700416651 /* AdventOfCode */,
				8FF2091B2757723D00416651 /* AdventOfCodeTests */,
				8FF209092757723700416651 /* Products */,
			);
			sourceTree = "<group>";
		};
		8FF209092757723700416651 /* Products */ = {
			isa = PBXGroup;
			children = (
				8FF209082757723700416651 /* AdventOfCode.app */,
				8FF209182757723D00416651 /* AdventOfCodeTests.xctest */,
			);
			name = Products;
			sourceTree = "<group>";
		};
		8FF2090A2757723700416651 /* AdventOfCode */ = {
			isa = PBXGroup;
			children = (
				8FF2090B2757723700416651 /* AdventOfCodeApp.swift */,
				8FF2090D2757723700416651 /* ContentView.swift */,
				8F5C604E275F755000AC61A8 /* Lines.swift */,
				8F9A0A072759092B00FFB165 /* 2020 */,
				8F9A0A212759092B00FFB165 /* 2021 */,
				8FF2090F2757723C00416651 /* Assets.xcassets */,
				8FF209112757723C00416651 /* Preview Content */,
			);
			path = AdventOfCode;
			sourceTree = "<group>";
		};
		8FF209112757723C00416651 /* Preview Content */ = {
			isa = PBXGroup;
			children = (
				8FF209122757723C00416651 /* Preview Assets.xcassets */,
			);
			path = "Preview Content";
			sourceTree = "<group>";
		};
		8FF2091B2757723D00416651 /* AdventOfCodeTests */ = {
			isa = PBXGroup;
			children = (
				8F9A0A73275909A100FFB165 /* Resources.swift */,
				8F9A0A41275909A100FFB165 /* 2020 */,
				8F9A0A5C275909A100FFB165 /* 2021 */,
			);
			path = AdventOfCodeTests;
			sourceTree = "<group>";
		};
/* End PBXGroup section */

/* Begin PBXNativeTarget section */
		8FF209072757723700416651 /* AdventOfCode */ = {
			isa = PBXNativeTarget;
			buildConfigurationList = 8FF2092C2757723D00416651 /* Build configuration list for PBXNativeTarget "AdventOfCode" */;
			buildPhases = (
				8FF209042757723700416651 /* Sources */,
				8FF209052757723700416651 /* Frameworks */,
				8FF209062757723700416651 /* Resources */,
			);
			buildRules = (
			);
			dependencies = (
			);
			name = AdventOfCode;
			packageProductDependencies = (
				8FF2093D275777B100416651 /* Algorithms */,
				8FF20940275777C500416651 /* Collections */,
				8FF20942275777C500416651 /* DequeModule */,
				8FF20944275777C500416651 /* OrderedCollections */,
				8FF20947275777E000416651 /* Numerics */,
				8FF20949275777E000416651 /* RealModule */,
				8F9A09472757C9F300FFB165 /* Parsing */,
			);
			productName = AdventOfCode;
			productReference = 8FF209082757723700416651 /* AdventOfCode.app */;
			productType = "com.apple.product-type.application";
		};
		8FF209172757723D00416651 /* AdventOfCodeTests */ = {
			isa = PBXNativeTarget;
			buildConfigurationList = 8FF2092F2757723D00416651 /* Build configuration list for PBXNativeTarget "AdventOfCodeTests" */;
			buildPhases = (
				8FF209142757723D00416651 /* Sources */,
				8FF209152757723D00416651 /* Frameworks */,
				8FF209162757723D00416651 /* Resources */,
			);
			buildRules = (
			);
			dependencies = (
				8FF2091A2757723D00416651 /* PBXTargetDependency */,
			);
			name = AdventOfCodeTests;
			productName = AdventOfCodeTests;
			productReference = 8FF209182757723D00416651 /* AdventOfCodeTests.xctest */;
			productType = "com.apple.product-type.bundle.unit-test";
		};
/* End PBXNativeTarget section */

/* Begin PBXProject section */
		8FF209002757723700416651 /* Project object */ = {
			isa = PBXProject;
			attributes = {
				BuildIndependentTargetsInParallel = 1;
				LastSwiftUpdateCheck = 1300;
				LastUpgradeCheck = 1300;
				TargetAttributes = {
					8FF209072757723700416651 = {
						CreatedOnToolsVersion = 13.0;
					};
					8FF209172757723D00416651 = {
						CreatedOnToolsVersion = 13.0;
						TestTargetID = 8FF209072757723700416651;
					};
				};
			};
			buildConfigurationList = 8FF209032757723700416651 /* Build configuration list for PBXProject "AdventOfCode" */;
			compatibilityVersion = "Xcode 13.0";
			developmentRegion = en;
			hasScannedForEncodings = 0;
			knownRegions = (
				en,
				Base,
			);
			mainGroup = 8FF208FF2757723700416651;
			packageReferences = (
				8FF2093C275777B100416651 /* XCRemoteSwiftPackageReference "swift-algorithms" */,
				8FF2093F275777C500416651 /* XCRemoteSwiftPackageReference "swift-collections" */,
				8FF20946275777E000416651 /* XCRemoteSwiftPackageReference "swift-numerics" */,
				8F9A09462757C9F300FFB165 /* XCRemoteSwiftPackageReference "swift-parsing" */,
			);
			productRefGroup = 8FF209092757723700416651 /* Products */;
			projectDirPath = "";
			projectRoot = "";
			targets = (
				8FF209072757723700416651 /* AdventOfCode */,
				8FF209172757723D00416651 /* AdventOfCodeTests */,
			);
		};
/* End PBXProject section */

/* Begin PBXResourcesBuildPhase section */
		8FF209062757723700416651 /* Resources */ = {
			isa = PBXResourcesBuildPhase;
			buildActionMask = 2147483647;
			files = (
				8FF209132757723C00416651 /* Preview Assets.xcassets in Resources */,
				8FF209102757723C00416651 /* Assets.xcassets in Resources */,
			);
			runOnlyForDeploymentPostprocessing = 0;
		};
		8FF209162757723D00416651 /* Resources */ = {
			isa = PBXResourcesBuildPhase;
			buildActionMask = 2147483647;
			files = (
				8F9A0AAF275909A200FFB165 /* 2021_day9.txt in Resources */,
				8F9A0AB2275909A200FFB165 /* 2021_day21.txt in Resources */,
				8F9A0A92275909A200FFB165 /* 2020_day25.txt in Resources */,
				8F9A0A8D275909A200FFB165 /* 2020_day12.txt in Resources */,
				8F9A0AB5275909A200FFB165 /* 2021_day19.txt in Resources */,
				8F9A0A83275909A100FFB165 /* 2020_day4.txt in Resources */,
				8F9A0A9E275909A200FFB165 /* 2021_day14.txt in Resources */,
				8F9A0A8E275909A200FFB165 /* 2020_day23.txt in Resources */,
				8F9A0A9F275909A200FFB165 /* 2021_day1.txt in Resources */,
				8F9A0A90275909A200FFB165 /* 2020_day20.txt in Resources */,
				8F9A0A7F275909A100FFB165 /* 2020_day2.txt in Resources */,
				8F9A0AA6275909A200FFB165 /* 2021_day12.txt in Resources */,
				8F9A0AA3275909A200FFB165 /* 2021_day4.txt in Resources */,
				8F9A0A8A275909A100FFB165 /* 2020_day10.txt in Resources */,
				8F9A0AB8275909A200FFB165 /* 2021_day18.txt in Resources */,
				8F9A0A8C275909A100FFB165 /* 2020_day13.txt in Resources */,
				8F9A0AB7275909A200FFB165 /* 2021_day24.txt in Resources */,
				8F9A0A98275909A200FFB165 /* 2021_day3.txt in Resources */,
				8F9A0A8B275909A100FFB165 /* 2020_day11.txt in Resources */,
				8F9A0AB1275909A200FFB165 /* 2021_day20.txt in Resources */,
				8F9A0A9D275909A200FFB165 /* 2021_day15.txt in Resources */,
				8F9A0A85275909A100FFB165 /* 2020_day7.txt in Resources */,
				8F9A0A81275909A100FFB165 /* 2020_day5.txt in Resources */,
				8F9A0AA4275909A200FFB165 /* 2021_day6.txt in Resources */,
				8F9A0AB4275909A200FFB165 /* 2021_day8.txt in Resources */,
				8F9A0A99275909A200FFB165 /* 2021_day16.txt in Resources */,
				8F9A0AAC275909A200FFB165 /* 2021_day23.txt in Resources */,
				8F9A0A95275909A200FFB165 /* 2020_day24.txt in Resources */,
				8F9A0A86275909A100FFB165 /* 2020_day16.txt in Resources */,
				8F9A0AA1275909A200FFB165 /* 2021_day10.txt in Resources */,
				8F9A0AA2275909A200FFB165 /* 2021_day11.txt in Resources */,
				8F9A0A96275909A200FFB165 /* 2020_day9.txt in Resources */,
				8F9A0AA0275909A200FFB165 /* 2021_day5.txt in Resources */,
				8F9A0A94275909A200FFB165 /* 2020_day18.txt in Resources */,
				8F9A0A88275909A100FFB165 /* 2020_day15.txt in Resources */,
				8F9A0A89275909A100FFB165 /* 2020_day14.txt in Resources */,
				8F9A0AAD275909A200FFB165 /* 2021_day22.txt in Resources */,
				8F9A0A97275909A200FFB165 /* 2020_day8.txt in Resources */,
				8F9A0AA7275909A200FFB165 /* 2021_day7.txt in Resources */,
				8F9A0A9B275909A200FFB165 /* 2021_day2.txt in Resources */,
				8F9A0A93275909A200FFB165 /* 2020_day19.txt in Resources */,
				8F9A0A80275909A100FFB165 /* 2020_day1.txt in Resources */,
				8F9A0AB6275909A200FFB165 /* 2021_day25.txt in Resources */,
				8F9A0A8F275909A200FFB165 /* 2020_day22.txt in Resources */,
				8F9A0AA5275909A200FFB165 /* 2021_day13.txt in Resources */,
				8F9A0A91275909A200FFB165 /* 2020_day21.txt in Resources */,
				8F9A0A84275909A100FFB165 /* 2020_day6.txt in Resources */,
				8F9A0A87275909A100FFB165 /* 2020_day17.txt in Resources */,
				8F9A0A9A275909A200FFB165 /* 2021_day17.txt in Resources */,
				8F9A0A7E275909A100FFB165 /* 2020_day3.txt in Resources */,
			);
			runOnlyForDeploymentPostprocessing = 0;
		};
/* End PBXResourcesBuildPhase section */

/* Begin PBXSourcesBuildPhase section */
		8FF209042757723700416651 /* Sources */ = {
			isa = PBXSourcesBuildPhase;
			buildActionMask = 2147483647;
			files = (
				8F9A0A2C2759092B00FFB165 /* AoC_2020_Day11.swift in Sources */,
				8F9A0A402759092B00FFB165 /* AoC_2021_Day2.swift in Sources */,
				8F9A0A272759092B00FFB165 /* AoC_2020_Day8.swift in Sources */,
				8F6313FE275D4FD1008346AA /* AoC_2021_Day4.swift in Sources */,
				8F9A0A372759092B00FFB165 /* AoC_2020_Day6.swift in Sources */,
				8F5C604D275F687700AC61A8 /* AoC_2021_Day7.swift in Sources */,
				8F5C60512760A7C200AC61A8 /* AoC_2021_Day8.swift in Sources */,
				8F9A0A352759092B00FFB165 /* AoC_2020_Day3.swift in Sources */,
				8F9A0A342759092B00FFB165 /* AoC_2020_Day24.swift in Sources */,
				8FF2090E2757723700416651 /* ContentView.swift in Sources */,
				8F9A0A2A2759092B00FFB165 /* AoC_2020_Day17.swift in Sources */,
				8F9A0A3F2759092B00FFB165 /* AoC_2021_Day1.swift in Sources */,
				8F9A0A322759092B00FFB165 /* AoC_2020_Day20.swift in Sources */,
				8F9A0A332759092B00FFB165 /* AoC_2020_Day19.swift in Sources */,
				8F9A0A3B2759092B00FFB165 /* AoC_2020_Day25.swift in Sources */,
				8F9A0A292759092B00FFB165 /* AoC_2020_Day10.swift in Sources */,
				8F9A0A262759092B00FFB165 /* AoC_2020_Day16.swift in Sources */,
				8F5C604F275F755000AC61A8 /* Lines.swift in Sources */,
				8F9A0A382759092B00FFB165 /* AoC_2020_Day21.swift in Sources */,
				8F9A0A362759092B00FFB165 /* AoC_2020_Day1.swift in Sources */,
				8F9A0A3E2759092B00FFB165 /* AoC_2021_Day3.swift in Sources */,
				8F9A0A252759092B00FFB165 /* AoC_2020_Day14.swift in Sources */,
				8FF2090C2757723700416651 /* AdventOfCodeApp.swift in Sources */,
				8F9A0A302759092B00FFB165 /* AoC_2020_Day5.swift in Sources */,
				8F9A0A2D2759092B00FFB165 /* AoC_2020_Day9.swift in Sources */,
				8F9A0A392759092B00FFB165 /* AoC_2020_Day23.swift in Sources */,
				8F631400275D8326008346AA /* AoC_2021_Day5.swift in Sources */,
				8F9A0A3C2759092B00FFB165 /* AoC_2020_Day18.swift in Sources */,
				8F9A0A3D2759092B00FFB165 /* AoC_2020_Day2.swift in Sources */,
				8F9A0A2B2759092B00FFB165 /* AoC_2020_Day15.swift in Sources */,
				8F9A0A2F2759092B00FFB165 /* AoC_2020_Day22.swift in Sources */,
				8F631402275D8B97008346AA /* AoC_2021_Day6.swift in Sources */,
				8F9A0A312759092B00FFB165 /* AoC_2020_Day7.swift in Sources */,
				8F9A0A3A2759092B00FFB165 /* AoC_2020_Day4.swift in Sources */,
				8F9A0A2E2759092B00FFB165 /* AoC_2020_Day13.swift in Sources */,
				8F9A0A282759092B00FFB165 /* AoC_2020_Day12.swift in Sources */,
			);
			runOnlyForDeploymentPostprocessing = 0;
		};
		8FF209142757723D00416651 /* Sources */ = {
			isa = PBXSourcesBuildPhase;
			buildActionMask = 2147483647;
			files = (
				8F9A0AA9275909A200FFB165 /* 2021Tests.swift in Sources */,
				8F9A0A82275909A100FFB165 /* 2020Tests.swift in Sources */,
				8F9A0AAE275909A200FFB165 /* Resources.swift in Sources */,
			);
			runOnlyForDeploymentPostprocessing = 0;
		};
/* End PBXSourcesBuildPhase section */

/* Begin PBXTargetDependency section */
		8FF2091A2757723D00416651 /* PBXTargetDependency */ = {
			isa = PBXTargetDependency;
			target = 8FF209072757723700416651 /* AdventOfCode */;
			targetProxy = 8FF209192757723D00416651 /* PBXContainerItemProxy */;
		};
/* End PBXTargetDependency section */

/* Begin XCBuildConfiguration section */
		8FF2092A2757723D00416651 /* Debug */ = {
			isa = XCBuildConfiguration;
			buildSettings = {
				ALWAYS_SEARCH_USER_PATHS = NO;
				CLANG_ANALYZER_NONNULL = YES;
				CLANG_ANALYZER_NUMBER_OBJECT_CONVERSION = YES_AGGRESSIVE;
				CLANG_CXX_LANGUAGE_STANDARD = "gnu++17";
				CLANG_CXX_LIBRARY = "libc++";
				CLANG_ENABLE_MODULES = YES;
				CLANG_ENABLE_OBJC_ARC = YES;
				CLANG_ENABLE_OBJC_WEAK = YES;
				CLANG_WARN_BLOCK_CAPTURE_AUTORELEASING = YES;
				CLANG_WARN_BOOL_CONVERSION = YES;
				CLANG_WARN_COMMA = YES;
				CLANG_WARN_CONSTANT_CONVERSION = YES;
				CLANG_WARN_DEPRECATED_OBJC_IMPLEMENTATIONS = YES;
				CLANG_WARN_DIRECT_OBJC_ISA_USAGE = YES_ERROR;
				CLANG_WARN_DOCUMENTATION_COMMENTS = YES;
				CLANG_WARN_EMPTY_BODY = YES;
				CLANG_WARN_ENUM_CONVERSION = YES;
				CLANG_WARN_INFINITE_RECURSION = YES;
				CLANG_WARN_INT_CONVERSION = YES;
				CLANG_WARN_NON_LITERAL_NULL_CONVERSION = YES;
				CLANG_WARN_OBJC_IMPLICIT_RETAIN_SELF = YES;
				CLANG_WARN_OBJC_LITERAL_CONVERSION = YES;
				CLANG_WARN_OBJC_ROOT_CLASS = YES_ERROR;
				CLANG_WARN_QUOTED_INCLUDE_IN_FRAMEWORK_HEADER = YES;
				CLANG_WARN_RANGE_LOOP_ANALYSIS = YES;
				CLANG_WARN_STRICT_PROTOTYPES = YES;
				CLANG_WARN_SUSPICIOUS_MOVE = YES;
				CLANG_WARN_UNGUARDED_AVAILABILITY = YES_AGGRESSIVE;
				CLANG_WARN_UNREACHABLE_CODE = YES;
				CLANG_WARN__DUPLICATE_METHOD_MATCH = YES;
				COPY_PHASE_STRIP = NO;
				DEBUG_INFORMATION_FORMAT = dwarf;
				ENABLE_STRICT_OBJC_MSGSEND = YES;
				ENABLE_TESTABILITY = YES;
				GCC_C_LANGUAGE_STANDARD = gnu11;
				GCC_DYNAMIC_NO_PIC = NO;
				GCC_NO_COMMON_BLOCKS = YES;
				GCC_OPTIMIZATION_LEVEL = 0;
				GCC_PREPROCESSOR_DEFINITIONS = (
					"DEBUG=1",
					"$(inherited)",
				);
				GCC_WARN_64_TO_32_BIT_CONVERSION = YES;
				GCC_WARN_ABOUT_RETURN_TYPE = YES_ERROR;
				GCC_WARN_UNDECLARED_SELECTOR = YES;
				GCC_WARN_UNINITIALIZED_AUTOS = YES_AGGRESSIVE;
				GCC_WARN_UNUSED_FUNCTION = YES;
				GCC_WARN_UNUSED_VARIABLE = YES;
				IPHONEOS_DEPLOYMENT_TARGET = 15.0;
				MTL_ENABLE_DEBUG_INFO = INCLUDE_SOURCE;
				MTL_FAST_MATH = YES;
				ONLY_ACTIVE_ARCH = YES;
				SDKROOT = iphoneos;
				SWIFT_ACTIVE_COMPILATION_CONDITIONS = DEBUG;
				SWIFT_OPTIMIZATION_LEVEL = "-Onone";
			};
			name = Debug;
		};
		8FF2092B2757723D00416651 /* Release */ = {
			isa = XCBuildConfiguration;
			buildSettings = {
				ALWAYS_SEARCH_USER_PATHS = NO;
				CLANG_ANALYZER_NONNULL = YES;
				CLANG_ANALYZER_NUMBER_OBJECT_CONVERSION = YES_AGGRESSIVE;
				CLANG_CXX_LANGUAGE_STANDARD = "gnu++17";
				CLANG_CXX_LIBRARY = "libc++";
				CLANG_ENABLE_MODULES = YES;
				CLANG_ENABLE_OBJC_ARC = YES;
				CLANG_ENABLE_OBJC_WEAK = YES;
				CLANG_WARN_BLOCK_CAPTURE_AUTORELEASING = YES;
				CLANG_WARN_BOOL_CONVERSION = YES;
				CLANG_WARN_COMMA = YES;
				CLANG_WARN_CONSTANT_CONVERSION = YES;
				CLANG_WARN_DEPRECATED_OBJC_IMPLEMENTATIONS = YES;
				CLANG_WARN_DIRECT_OBJC_ISA_USAGE = YES_ERROR;
				CLANG_WARN_DOCUMENTATION_COMMENTS = YES;
				CLANG_WARN_EMPTY_BODY = YES;
				CLANG_WARN_ENUM_CONVERSION = YES;
				CLANG_WARN_INFINITE_RECURSION = YES;
				CLANG_WARN_INT_CONVERSION = YES;
				CLANG_WARN_NON_LITERAL_NULL_CONVERSION = YES;
				CLANG_WARN_OBJC_IMPLICIT_RETAIN_SELF = YES;
				CLANG_WARN_OBJC_LITERAL_CONVERSION = YES;
				CLANG_WARN_OBJC_ROOT_CLASS = YES_ERROR;
				CLANG_WARN_QUOTED_INCLUDE_IN_FRAMEWORK_HEADER = YES;
				CLANG_WARN_RANGE_LOOP_ANALYSIS = YES;
				CLANG_WARN_STRICT_PROTOTYPES = YES;
				CLANG_WARN_SUSPICIOUS_MOVE = YES;
				CLANG_WARN_UNGUARDED_AVAILABILITY = YES_AGGRESSIVE;
				CLANG_WARN_UNREACHABLE_CODE = YES;
				CLANG_WARN__DUPLICATE_METHOD_MATCH = YES;
				COPY_PHASE_STRIP = NO;
				DEBUG_INFORMATION_FORMAT = "dwarf-with-dsym";
				ENABLE_NS_ASSERTIONS = NO;
				ENABLE_STRICT_OBJC_MSGSEND = YES;
				GCC_C_LANGUAGE_STANDARD = gnu11;
				GCC_NO_COMMON_BLOCKS = YES;
				GCC_WARN_64_TO_32_BIT_CONVERSION = YES;
				GCC_WARN_ABOUT_RETURN_TYPE = YES_ERROR;
				GCC_WARN_UNDECLARED_SELECTOR = YES;
				GCC_WARN_UNINITIALIZED_AUTOS = YES_AGGRESSIVE;
				GCC_WARN_UNUSED_FUNCTION = YES;
				GCC_WARN_UNUSED_VARIABLE = YES;
				IPHONEOS_DEPLOYMENT_TARGET = 15.0;
				MTL_ENABLE_DEBUG_INFO = NO;
				MTL_FAST_MATH = YES;
				SDKROOT = iphoneos;
				SWIFT_COMPILATION_MODE = wholemodule;
				SWIFT_OPTIMIZATION_LEVEL = "-O";
				VALIDATE_PRODUCT = YES;
			};
			name = Release;
		};
		8FF2092D2757723D00416651 /* Debug */ = {
			isa = XCBuildConfiguration;
			buildSettings = {
				ASSETCATALOG_COMPILER_APPICON_NAME = AppIcon;
				ASSETCATALOG_COMPILER_GLOBAL_ACCENT_COLOR_NAME = AccentColor;
				CODE_SIGN_STYLE = Automatic;
				CURRENT_PROJECT_VERSION = 1;
				DEVELOPMENT_ASSET_PATHS = "\"AdventOfCode/Preview Content\"";
				DEVELOPMENT_TEAM = F582GLX86W;
				ENABLE_PREVIEWS = YES;
				GENERATE_INFOPLIST_FILE = YES;
				INFOPLIST_KEY_UIApplicationSceneManifest_Generation = YES;
				INFOPLIST_KEY_UIApplicationSupportsIndirectInputEvents = YES;
				INFOPLIST_KEY_UILaunchScreen_Generation = YES;
				INFOPLIST_KEY_UISupportedInterfaceOrientations_iPad = "UIInterfaceOrientationPortrait UIInterfaceOrientationPortraitUpsideDown UIInterfaceOrientationLandscapeLeft UIInterfaceOrientationLandscapeRight";
				INFOPLIST_KEY_UISupportedInterfaceOrientations_iPhone = "UIInterfaceOrientationPortrait UIInterfaceOrientationLandscapeLeft UIInterfaceOrientationLandscapeRight";
				IPHONEOS_DEPLOYMENT_TARGET = 15.0;
				LD_RUNPATH_SEARCH_PATHS = (
					"$(inherited)",
					"@executable_path/Frameworks",
				);
				MARKETING_VERSION = 1.0;
				PRODUCT_BUNDLE_IDENTIFIER = com..laszloteveli.AdventOfCode;
				PRODUCT_NAME = "$(TARGET_NAME)";
				SWIFT_EMIT_LOC_STRINGS = YES;
				SWIFT_VERSION = 5.0;
				TARGETED_DEVICE_FAMILY = "1,2";
			};
			name = Debug;
		};
		8FF2092E2757723D00416651 /* Release */ = {
			isa = XCBuildConfiguration;
			buildSettings = {
				ASSETCATALOG_COMPILER_APPICON_NAME = AppIcon;
				ASSETCATALOG_COMPILER_GLOBAL_ACCENT_COLOR_NAME = AccentColor;
				CODE_SIGN_STYLE = Automatic;
				CURRENT_PROJECT_VERSION = 1;
				DEVELOPMENT_ASSET_PATHS = "\"AdventOfCode/Preview Content\"";
				DEVELOPMENT_TEAM = F582GLX86W;
				ENABLE_PREVIEWS = YES;
				GENERATE_INFOPLIST_FILE = YES;
				INFOPLIST_KEY_UIApplicationSceneManifest_Generation = YES;
				INFOPLIST_KEY_UIApplicationSupportsIndirectInputEvents = YES;
				INFOPLIST_KEY_UILaunchScreen_Generation = YES;
				INFOPLIST_KEY_UISupportedInterfaceOrientations_iPad = "UIInterfaceOrientationPortrait UIInterfaceOrientationPortraitUpsideDown UIInterfaceOrientationLandscapeLeft UIInterfaceOrientationLandscapeRight";
				INFOPLIST_KEY_UISupportedInterfaceOrientations_iPhone = "UIInterfaceOrientationPortrait UIInterfaceOrientationLandscapeLeft UIInterfaceOrientationLandscapeRight";
				IPHONEOS_DEPLOYMENT_TARGET = 15.0;
				LD_RUNPATH_SEARCH_PATHS = (
					"$(inherited)",
					"@executable_path/Frameworks",
				);
				MARKETING_VERSION = 1.0;
				PRODUCT_BUNDLE_IDENTIFIER = com..laszloteveli.AdventOfCode;
				PRODUCT_NAME = "$(TARGET_NAME)";
				SWIFT_EMIT_LOC_STRINGS = YES;
				SWIFT_VERSION = 5.0;
				TARGETED_DEVICE_FAMILY = "1,2";
			};
			name = Release;
		};
		8FF209302757723D00416651 /* Debug */ = {
			isa = XCBuildConfiguration;
			buildSettings = {
				ALWAYS_EMBED_SWIFT_STANDARD_LIBRARIES = YES;
				BUNDLE_LOADER = "$(TEST_HOST)";
				CODE_SIGN_STYLE = Automatic;
				CURRENT_PROJECT_VERSION = 1;
				DEVELOPMENT_TEAM = F582GLX86W;
				GENERATE_INFOPLIST_FILE = YES;
				IPHONEOS_DEPLOYMENT_TARGET = 15.0;
				LD_RUNPATH_SEARCH_PATHS = (
					"$(inherited)",
					"@executable_path/Frameworks",
					"@loader_path/Frameworks",
				);
				MARKETING_VERSION = 1.0;
				PRODUCT_BUNDLE_IDENTIFIER = com..laszloteveli.AdventOfCodeTests;
				PRODUCT_NAME = "$(TARGET_NAME)";
				SWIFT_EMIT_LOC_STRINGS = NO;
				SWIFT_VERSION = 5.0;
				TARGETED_DEVICE_FAMILY = "1,2";
				TEST_HOST = "$(BUILT_PRODUCTS_DIR)/AdventOfCode.app/AdventOfCode";
			};
			name = Debug;
		};
		8FF209312757723D00416651 /* Release */ = {
			isa = XCBuildConfiguration;
			buildSettings = {
				ALWAYS_EMBED_SWIFT_STANDARD_LIBRARIES = YES;
				BUNDLE_LOADER = "$(TEST_HOST)";
				CODE_SIGN_STYLE = Automatic;
				CURRENT_PROJECT_VERSION = 1;
				DEVELOPMENT_TEAM = F582GLX86W;
				GENERATE_INFOPLIST_FILE = YES;
				IPHONEOS_DEPLOYMENT_TARGET = 15.0;
				LD_RUNPATH_SEARCH_PATHS = (
					"$(inherited)",
					"@executable_path/Frameworks",
					"@loader_path/Frameworks",
				);
				MARKETING_VERSION = 1.0;
				PRODUCT_BUNDLE_IDENTIFIER = com..laszloteveli.AdventOfCodeTests;
				PRODUCT_NAME = "$(TARGET_NAME)";
				SWIFT_EMIT_LOC_STRINGS = NO;
				SWIFT_VERSION = 5.0;
				TARGETED_DEVICE_FAMILY = "1,2";
				TEST_HOST = "$(BUILT_PRODUCTS_DIR)/AdventOfCode.app/AdventOfCode";
			};
			name = Release;
		};
/* End XCBuildConfiguration section */

/* Begin XCConfigurationList section */
		8FF209032757723700416651 /* Build configuration list for PBXProject "AdventOfCode" */ = {
			isa = XCConfigurationList;
			buildConfigurations = (
				8FF2092A2757723D00416651 /* Debug */,
				8FF2092B2757723D00416651 /* Release */,
			);
			defaultConfigurationIsVisible = 0;
			defaultConfigurationName = Release;
		};
		8FF2092C2757723D00416651 /* Build configuration list for PBXNativeTarget "AdventOfCode" */ = {
			isa = XCConfigurationList;
			buildConfigurations = (
				8FF2092D2757723D00416651 /* Debug */,
				8FF2092E2757723D00416651 /* Release */,
			);
			defaultConfigurationIsVisible = 0;
			defaultConfigurationName = Release;
		};
		8FF2092F2757723D00416651 /* Build configuration list for PBXNativeTarget "AdventOfCodeTests" */ = {
			isa = XCConfigurationList;
			buildConfigurations = (
				8FF209302757723D00416651 /* Debug */,
				8FF209312757723D00416651 /* Release */,
			);
			defaultConfigurationIsVisible = 0;
			defaultConfigurationName = Release;
		};
/* End XCConfigurationList section */

/* Begin XCRemoteSwiftPackageReference section */
		8F9A09462757C9F300FFB165 /* XCRemoteSwiftPackageReference "swift-parsing" */ = {
			isa = XCRemoteSwiftPackageReference;
			repositoryURL = "https://github.com/pointfreeco/swift-parsing.git";
			requirement = {
				kind = upToNextMajorVersion;
				minimumVersion = 0.1.2;
			};
		};
		8FF2093C275777B100416651 /* XCRemoteSwiftPackageReference "swift-algorithms" */ = {
			isa = XCRemoteSwiftPackageReference;
			repositoryURL = "https://github.com/apple/swift-algorithms.git";
			requirement = {
				kind = upToNextMajorVersion;
				minimumVersion = 0.2.1;
			};
		};
		8FF2093F275777C500416651 /* XCRemoteSwiftPackageReference "swift-collections" */ = {
			isa = XCRemoteSwiftPackageReference;
			repositoryURL = "https://github.com/apple/swift-collections.git";
			requirement = {
				kind = upToNextMajorVersion;
				minimumVersion = 0.0.3;
			};
		};
		8FF20946275777E000416651 /* XCRemoteSwiftPackageReference "swift-numerics" */ = {
			isa = XCRemoteSwiftPackageReference;
			repositoryURL = "https://github.com/apple/swift-numerics.git";
			requirement = {
				kind = upToNextMajorVersion;
				minimumVersion = 0.1.0;
			};
		};
/* End XCRemoteSwiftPackageReference section */

/* Begin XCSwiftPackageProductDependency section */
		8F9A09472757C9F300FFB165 /* Parsing */ = {
			isa = XCSwiftPackageProductDependency;
			package = 8F9A09462757C9F300FFB165 /* XCRemoteSwiftPackageReference "swift-parsing" */;
			productName = Parsing;
		};
		8FF2093D275777B100416651 /* Algorithms */ = {
			isa = XCSwiftPackageProductDependency;
			package = 8FF2093C275777B100416651 /* XCRemoteSwiftPackageReference "swift-algorithms" */;
			productName = Algorithms;
		};
		8FF20940275777C500416651 /* Collections */ = {
			isa = XCSwiftPackageProductDependency;
			package = 8FF2093F275777C500416651 /* XCRemoteSwiftPackageReference "swift-collections" */;
			productName = Collections;
		};
		8FF20942275777C500416651 /* DequeModule */ = {
			isa = XCSwiftPackageProductDependency;
			package = 8FF2093F275777C500416651 /* XCRemoteSwiftPackageReference "swift-collections" */;
			productName = DequeModule;
		};
		8FF20944275777C500416651 /* OrderedCollections */ = {
			isa = XCSwiftPackageProductDependency;
			package = 8FF2093F275777C500416651 /* XCRemoteSwiftPackageReference "swift-collections" */;
			productName = OrderedCollections;
		};
		8FF20947275777E000416651 /* Numerics */ = {
			isa = XCSwiftPackageProductDependency;
			package = 8FF20946275777E000416651 /* XCRemoteSwiftPackageReference "swift-numerics" */;
			productName = Numerics;
		};
		8FF20949275777E000416651 /* RealModule */ = {
			isa = XCSwiftPackageProductDependency;
			package = 8FF20946275777E000416651 /* XCRemoteSwiftPackageReference "swift-numerics" */;
			productName = RealModule;
		};
/* End XCSwiftPackageProductDependency section */
	};
	rootObject = 8FF209002757723700416651 /* Project object */;
}
